// !$*UTF8*$!
{
	archiveVersion = 1;
	classes = {
	};
	objectVersion = 46;
	objects = {

/* Begin PBXBuildFile section */
		237095FE1B3E753300C258F3 /* reload.png in Resources */ = {isa = PBXBuildFile; fileRef = 237095FD1B3E753300C258F3 /* reload.png */; };
		237096001B3E79FB00C258F3 /* post.png in Resources */ = {isa = PBXBuildFile; fileRef = 237095FF1B3E79FB00C258F3 /* post.png */; };
		237096021B3E870400C258F3 /* PostTweetViewController.swift in Sources */ = {isa = PBXBuildFile; fileRef = 237096011B3E870400C258F3 /* PostTweetViewController.swift */; };
		237096041B40D34900C258F3 /* batsu.png in Resources */ = {isa = PBXBuildFile; fileRef = 237096031B40D34900C258F3 /* batsu.png */; };
		237096061B40D35600C258F3 /* postTweet.png in Resources */ = {isa = PBXBuildFile; fileRef = 237096051B40D35600C258F3 /* postTweet.png */; };
		23E5C88B1B3E3C1A006EFC37 /* AppDelegate.swift in Sources */ = {isa = PBXBuildFile; fileRef = 23E5C88A1B3E3C1A006EFC37 /* AppDelegate.swift */; };
		23E5C88D1B3E3C1A006EFC37 /* BaseTweetViewController.swift in Sources */ = {isa = PBXBuildFile; fileRef = 23E5C88C1B3E3C1A006EFC37 /* BaseTweetViewController.swift */; };
		23E5C8901B3E3C1A006EFC37 /* Main.storyboard in Resources */ = {isa = PBXBuildFile; fileRef = 23E5C88E1B3E3C1A006EFC37 /* Main.storyboard */; };
		23E5C8921B3E3C1A006EFC37 /* Images.xcassets in Resources */ = {isa = PBXBuildFile; fileRef = 23E5C8911B3E3C1A006EFC37 /* Images.xcassets */; };
		23E5C8951B3E3C1A006EFC37 /* LaunchScreen.xib in Resources */ = {isa = PBXBuildFile; fileRef = 23E5C8931B3E3C1A006EFC37 /* LaunchScreen.xib */; };
		23E5C8A11B3E3C1A006EFC37 /* lit_twitter_finalTests.swift in Sources */ = {isa = PBXBuildFile; fileRef = 23E5C8A01B3E3C1A006EFC37 /* lit_twitter_finalTests.swift */; };
		23E5C8AF1B3E3C67006EFC37 /* Fabric.framework in Frameworks */ = {isa = PBXBuildFile; fileRef = 23E5C8AB1B3E3C67006EFC37 /* Fabric.framework */; };
		23E5C8B01B3E3C67006EFC37 /* TwitterKit.framework in Frameworks */ = {isa = PBXBuildFile; fileRef = 23E5C8AC1B3E3C67006EFC37 /* TwitterKit.framework */; };
		23E5C8B11B3E3C67006EFC37 /* TwitterKitResources.bundle in Resources */ = {isa = PBXBuildFile; fileRef = 23E5C8AD1B3E3C67006EFC37 /* TwitterKitResources.bundle */; };
		23E5C8B21B3E3C67006EFC37 /* TwitterCore.framework in Frameworks */ = {isa = PBXBuildFile; fileRef = 23E5C8AE1B3E3C67006EFC37 /* TwitterCore.framework */; };
		23E5C8B61B3E3CB8006EFC37 /* FavoriteViewController.swift in Sources */ = {isa = PBXBuildFile; fileRef = 23E5C8B51B3E3CB8006EFC37 /* FavoriteViewController.swift */; };
		23E5C8B81B3E3CCD006EFC37 /* TimelineViewController.swift in Sources */ = {isa = PBXBuildFile; fileRef = 23E5C8B71B3E3CCD006EFC37 /* TimelineViewController.swift */; };
		23E5C8BA1B3E3CE0006EFC37 /* LoginViewController.swift in Sources */ = {isa = PBXBuildFile; fileRef = 23E5C8B91B3E3CE0006EFC37 /* LoginViewController.swift */; };
		23E5C8BC1B3E3CF3006EFC37 /* MainTabViewController.swift in Sources */ = {isa = PBXBuildFile; fileRef = 23E5C8BB1B3E3CF3006EFC37 /* MainTabViewController.swift */; };
		23E5C8BE1B3E3D04006EFC37 /* TwitterAPI.swift in Sources */ = {isa = PBXBuildFile; fileRef = 23E5C8BD1B3E3D04006EFC37 /* TwitterAPI.swift */; };
		23E5C8C11B3E3E82006EFC37 /* note.jpg in Resources */ = {isa = PBXBuildFile; fileRef = 23E5C8BF1B3E3E82006EFC37 /* note.jpg */; };
		23E5C8C21B3E3E82006EFC37 /* star.png in Resources */ = {isa = PBXBuildFile; fileRef = 23E5C8C01B3E3E82006EFC37 /* star.png */; };
		23E5C8C41B3E3E8C006EFC37 /* gear.png in Resources */ = {isa = PBXBuildFile; fileRef = 23E5C8C31B3E3E8C006EFC37 /* gear.png */; };
		23E5C8C81B3E402F006EFC37 /* icon.png in Resources */ = {isa = PBXBuildFile; fileRef = 23E5C8C71B3E402F006EFC37 /* icon.png */; };
/* End PBXBuildFile section */

/* Begin PBXContainerItemProxy section */
		23E5C89B1B3E3C1A006EFC37 /* PBXContainerItemProxy */ = {
			isa = PBXContainerItemProxy;
			containerPortal = 23E5C87D1B3E3C1A006EFC37 /* Project object */;
			proxyType = 1;
			remoteGlobalIDString = 23E5C8841B3E3C1A006EFC37;
			remoteInfo = lit_twitter_final;
		};
/* End PBXContainerItemProxy section */

/* Begin PBXFileReference section */
		237095FD1B3E753300C258F3 /* reload.png */ = {isa = PBXFileReference; lastKnownFileType = image.png; name = reload.png; path = ../../../Desktop/reload.png; sourceTree = "<group>"; };
		237095FF1B3E79FB00C258F3 /* post.png */ = {isa = PBXFileReference; lastKnownFileType = image.png; name = post.png; path = ../../../Desktop/post.png; sourceTree = "<group>"; };
		237096011B3E870400C258F3 /* PostTweetViewController.swift */ = {isa = PBXFileReference; fileEncoding = 4; lastKnownFileType = sourcecode.swift; path = PostTweetViewController.swift; sourceTree = "<group>"; };
		237096031B40D34900C258F3 /* batsu.png */ = {isa = PBXFileReference; lastKnownFileType = image.png; name = batsu.png; path = ../../../Desktop/batsu.png; sourceTree = "<group>"; };
		237096051B40D35600C258F3 /* postTweet.png */ = {isa = PBXFileReference; lastKnownFileType = image.png; name = postTweet.png; path = ../../../Desktop/postTweet.png; sourceTree = "<group>"; };
		23E5C8851B3E3C1A006EFC37 /* lit_twitter_final.app */ = {isa = PBXFileReference; explicitFileType = wrapper.application; includeInIndex = 0; path = lit_twitter_final.app; sourceTree = BUILT_PRODUCTS_DIR; };
		23E5C8891B3E3C1A006EFC37 /* Info.plist */ = {isa = PBXFileReference; lastKnownFileType = text.plist.xml; path = Info.plist; sourceTree = "<group>"; };
		23E5C88A1B3E3C1A006EFC37 /* AppDelegate.swift */ = {isa = PBXFileReference; lastKnownFileType = sourcecode.swift; path = AppDelegate.swift; sourceTree = "<group>"; };
		23E5C88C1B3E3C1A006EFC37 /* BaseTweetViewController.swift */ = {isa = PBXFileReference; lastKnownFileType = sourcecode.swift; path = BaseTweetViewController.swift; sourceTree = "<group>"; };
		23E5C88F1B3E3C1A006EFC37 /* Base */ = {isa = PBXFileReference; lastKnownFileType = file.storyboard; name = Base; path = Base.lproj/Main.storyboard; sourceTree = "<group>"; };
		23E5C8911B3E3C1A006EFC37 /* Images.xcassets */ = {isa = PBXFileReference; lastKnownFileType = folder.assetcatalog; path = Images.xcassets; sourceTree = "<group>"; };
		23E5C8941B3E3C1A006EFC37 /* Base */ = {isa = PBXFileReference; lastKnownFileType = file.xib; name = Base; path = Base.lproj/LaunchScreen.xib; sourceTree = "<group>"; };
		23E5C89A1B3E3C1A006EFC37 /* lit_twitter_finalTests.xctest */ = {isa = PBXFileReference; explicitFileType = wrapper.cfbundle; includeInIndex = 0; path = lit_twitter_finalTests.xctest; sourceTree = BUILT_PRODUCTS_DIR; };
		23E5C89F1B3E3C1A006EFC37 /* Info.plist */ = {isa = PBXFileReference; lastKnownFileType = text.plist.xml; path = Info.plist; sourceTree = "<group>"; };
		23E5C8A01B3E3C1A006EFC37 /* lit_twitter_finalTests.swift */ = {isa = PBXFileReference; lastKnownFileType = sourcecode.swift; path = lit_twitter_finalTests.swift; sourceTree = "<group>"; };
		23E5C8AB1B3E3C67006EFC37 /* Fabric.framework */ = {isa = PBXFileReference; lastKnownFileType = wrapper.framework; path = Fabric.framework; sourceTree = "<group>"; };
		23E5C8AC1B3E3C67006EFC37 /* TwitterKit.framework */ = {isa = PBXFileReference; lastKnownFileType = wrapper.framework; path = TwitterKit.framework; sourceTree = "<group>"; };
		23E5C8AD1B3E3C67006EFC37 /* TwitterKitResources.bundle */ = {isa = PBXFileReference; lastKnownFileType = "wrapper.plug-in"; name = TwitterKitResources.bundle; path = TwitterKit.framework/Versions/A/Resources/TwitterKitResources.bundle; sourceTree = "<group>"; };
		23E5C8AE1B3E3C67006EFC37 /* TwitterCore.framework */ = {isa = PBXFileReference; lastKnownFileType = wrapper.framework; path = TwitterCore.framework; sourceTree = "<group>"; };
		23E5C8B51B3E3CB8006EFC37 /* FavoriteViewController.swift */ = {isa = PBXFileReference; fileEncoding = 4; lastKnownFileType = sourcecode.swift; path = FavoriteViewController.swift; sourceTree = "<group>"; };
		23E5C8B71B3E3CCD006EFC37 /* TimelineViewController.swift */ = {isa = PBXFileReference; fileEncoding = 4; lastKnownFileType = sourcecode.swift; path = TimelineViewController.swift; sourceTree = "<group>"; };
		23E5C8B91B3E3CE0006EFC37 /* LoginViewController.swift */ = {isa = PBXFileReference; fileEncoding = 4; lastKnownFileType = sourcecode.swift; path = LoginViewController.swift; sourceTree = "<group>"; };
		23E5C8BB1B3E3CF3006EFC37 /* MainTabViewController.swift */ = {isa = PBXFileReference; fileEncoding = 4; lastKnownFileType = sourcecode.swift; path = MainTabViewController.swift; sourceTree = "<group>"; };
		23E5C8BD1B3E3D04006EFC37 /* TwitterAPI.swift */ = {isa = PBXFileReference; fileEncoding = 4; lastKnownFileType = sourcecode.swift; path = TwitterAPI.swift; sourceTree = "<group>"; };
		23E5C8BF1B3E3E82006EFC37 /* note.jpg */ = {isa = PBXFileReference; lastKnownFileType = image.jpeg; name = note.jpg; path = ../../../Desktop/note.jpg; sourceTree = "<group>"; };
		23E5C8C01B3E3E82006EFC37 /* star.png */ = {isa = PBXFileReference; lastKnownFileType = image.png; name = star.png; path = ../../../Desktop/star.png; sourceTree = "<group>"; };
		23E5C8C31B3E3E8C006EFC37 /* gear.png */ = {isa = PBXFileReference; lastKnownFileType = image.png; name = gear.png; path = ../../../Desktop/gear.png; sourceTree = "<group>"; };
		23E5C8C71B3E402F006EFC37 /* icon.png */ = {isa = PBXFileReference; lastKnownFileType = image.png; name = icon.png; path = ../../../Desktop/icon.png; sourceTree = "<group>"; };
/* End PBXFileReference section */

/* Begin PBXFrameworksBuildPhase section */
		23E5C8821B3E3C1A006EFC37 /* Frameworks */ = {
			isa = PBXFrameworksBuildPhase;
			buildActionMask = 2147483647;
			files = (
				23E5C8AF1B3E3C67006EFC37 /* Fabric.framework in Frameworks */,
				23E5C8B21B3E3C67006EFC37 /* TwitterCore.framework in Frameworks */,
				23E5C8B01B3E3C67006EFC37 /* TwitterKit.framework in Frameworks */,
			);
			runOnlyForDeploymentPostprocessing = 0;
		};
		23E5C8971B3E3C1A006EFC37 /* Frameworks */ = {
			isa = PBXFrameworksBuildPhase;
			buildActionMask = 2147483647;
			files = (
			);
			runOnlyForDeploymentPostprocessing = 0;
		};
/* End PBXFrameworksBuildPhase section */

/* Begin PBXGroup section */
		23E5C87C1B3E3C1A006EFC37 = {
			isa = PBXGroup;
			children = (
				23E5C8AB1B3E3C67006EFC37 /* Fabric.framework */,
				23E5C8AC1B3E3C67006EFC37 /* TwitterKit.framework */,
				23E5C8AD1B3E3C67006EFC37 /* TwitterKitResources.bundle */,
				23E5C8AE1B3E3C67006EFC37 /* TwitterCore.framework */,
				23E5C8871B3E3C1A006EFC37 /* lit_twitter_final */,
				23E5C89D1B3E3C1A006EFC37 /* lit_twitter_finalTests */,
				23E5C8861B3E3C1A006EFC37 /* Products */,
			);
			sourceTree = "<group>";
		};
		23E5C8861B3E3C1A006EFC37 /* Products */ = {
			isa = PBXGroup;
			children = (
				23E5C8851B3E3C1A006EFC37 /* lit_twitter_final.app */,
				23E5C89A1B3E3C1A006EFC37 /* lit_twitter_finalTests.xctest */,
			);
			name = Products;
			sourceTree = "<group>";
		};
		23E5C8871B3E3C1A006EFC37 /* lit_twitter_final */ = {
			isa = PBXGroup;
			children = (
				237096051B40D35600C258F3 /* postTweet.png */,
				237096031B40D34900C258F3 /* batsu.png */,
				237095FF1B3E79FB00C258F3 /* post.png */,
				237095FD1B3E753300C258F3 /* reload.png */,
				23E5C8C31B3E3E8C006EFC37 /* gear.png */,
				23E5C8C71B3E402F006EFC37 /* icon.png */,
				23E5C8BF1B3E3E82006EFC37 /* note.jpg */,
				23E5C8C01B3E3E82006EFC37 /* star.png */,
				23E5C8B41B3E3C76006EFC37 /* ViewController */,
				23E5C8B31B3E3C6F006EFC37 /* Model */,
				23E5C8881B3E3C1A006EFC37 /* Supporting Files */,
			);
			path = lit_twitter_final;
			sourceTree = "<group>";
		};
		23E5C8881B3E3C1A006EFC37 /* Supporting Files */ = {
			isa = PBXGroup;
			children = (
				23E5C88A1B3E3C1A006EFC37 /* AppDelegate.swift */,
				23E5C88E1B3E3C1A006EFC37 /* Main.storyboard */,
				23E5C8911B3E3C1A006EFC37 /* Images.xcassets */,
				23E5C8931B3E3C1A006EFC37 /* LaunchScreen.xib */,
				23E5C8891B3E3C1A006EFC37 /* Info.plist */,
			);
			name = "Supporting Files";
			sourceTree = "<group>";
		};
		23E5C89D1B3E3C1A006EFC37 /* lit_twitter_finalTests */ = {
			isa = PBXGroup;
			children = (
				23E5C8A01B3E3C1A006EFC37 /* lit_twitter_finalTests.swift */,
				23E5C89E1B3E3C1A006EFC37 /* Supporting Files */,
			);
			path = lit_twitter_finalTests;
			sourceTree = "<group>";
		};
		23E5C89E1B3E3C1A006EFC37 /* Supporting Files */ = {
			isa = PBXGroup;
			children = (
				23E5C89F1B3E3C1A006EFC37 /* Info.plist */,
			);
			name = "Supporting Files";
			sourceTree = "<group>";
		};
		23E5C8B31B3E3C6F006EFC37 /* Model */ = {
			isa = PBXGroup;
			children = (
				23E5C8BD1B3E3D04006EFC37 /* TwitterAPI.swift */,
			);
			name = Model;
			sourceTree = "<group>";
		};
		23E5C8B41B3E3C76006EFC37 /* ViewController */ = {
			isa = PBXGroup;
			children = (
				23E5C8B51B3E3CB8006EFC37 /* FavoriteViewController.swift */,
				23E5C8B71B3E3CCD006EFC37 /* TimelineViewController.swift */,
				23E5C8B91B3E3CE0006EFC37 /* LoginViewController.swift */,
				23E5C8BB1B3E3CF3006EFC37 /* MainTabViewController.swift */,
				23E5C88C1B3E3C1A006EFC37 /* BaseTweetViewController.swift */,
				237096011B3E870400C258F3 /* PostTweetViewController.swift */,
			);
			name = ViewController;
			sourceTree = "<group>";
		};
/* End PBXGroup section */

/* Begin PBXNativeTarget section */
		23E5C8841B3E3C1A006EFC37 /* lit_twitter_final */ = {
			isa = PBXNativeTarget;
			buildConfigurationList = 23E5C8A41B3E3C1A006EFC37 /* Build configuration list for PBXNativeTarget "lit_twitter_final" */;
			buildPhases = (
				23E5C8811B3E3C1A006EFC37 /* Sources */,
				23E5C8821B3E3C1A006EFC37 /* Frameworks */,
				23E5C8831B3E3C1A006EFC37 /* Resources */,
				23E5C8AA1B3E3C4A006EFC37 /* ShellScript */,
			);
			buildRules = (
			);
			dependencies = (
			);
			name = lit_twitter_final;
			productName = lit_twitter_final;
			productReference = 23E5C8851B3E3C1A006EFC37 /* lit_twitter_final.app */;
			productType = "com.apple.product-type.application";
		};
		23E5C8991B3E3C1A006EFC37 /* lit_twitter_finalTests */ = {
			isa = PBXNativeTarget;
			buildConfigurationList = 23E5C8A71B3E3C1A006EFC37 /* Build configuration list for PBXNativeTarget "lit_twitter_finalTests" */;
			buildPhases = (
				23E5C8961B3E3C1A006EFC37 /* Sources */,
				23E5C8971B3E3C1A006EFC37 /* Frameworks */,
				23E5C8981B3E3C1A006EFC37 /* Resources */,
			);
			buildRules = (
			);
			dependencies = (
				23E5C89C1B3E3C1A006EFC37 /* PBXTargetDependency */,
			);
			name = lit_twitter_finalTests;
			productName = lit_twitter_finalTests;
			productReference = 23E5C89A1B3E3C1A006EFC37 /* lit_twitter_finalTests.xctest */;
			productType = "com.apple.product-type.bundle.unit-test";
		};
/* End PBXNativeTarget section */

/* Begin PBXProject section */
		23E5C87D1B3E3C1A006EFC37 /* Project object */ = {
			isa = PBXProject;
			attributes = {
				LastUpgradeCheck = 0630;
				ORGANIZATIONNAME = "keita kutsuno";
				TargetAttributes = {
					23E5C8841B3E3C1A006EFC37 = {
						CreatedOnToolsVersion = 6.3.2;
					};
					23E5C8991B3E3C1A006EFC37 = {
						CreatedOnToolsVersion = 6.3.2;
						TestTargetID = 23E5C8841B3E3C1A006EFC37;
					};
				};
			};
			buildConfigurationList = 23E5C8801B3E3C1A006EFC37 /* Build configuration list for PBXProject "lit_twitter_final" */;
			compatibilityVersion = "Xcode 3.2";
			developmentRegion = English;
			hasScannedForEncodings = 0;
			knownRegions = (
				en,
				Base,
			);
			mainGroup = 23E5C87C1B3E3C1A006EFC37;
			productRefGroup = 23E5C8861B3E3C1A006EFC37 /* Products */;
			projectDirPath = "";
			projectRoot = "";
			targets = (
				23E5C8841B3E3C1A006EFC37 /* lit_twitter_final */,
				23E5C8991B3E3C1A006EFC37 /* lit_twitter_finalTests */,
			);
		};
/* End PBXProject section */

/* Begin PBXResourcesBuildPhase section */
		23E5C8831B3E3C1A006EFC37 /* Resources */ = {
			isa = PBXResourcesBuildPhase;
			buildActionMask = 2147483647;
			files = (
				23E5C8B11B3E3C67006EFC37 /* TwitterKitResources.bundle in Resources */,
				237096041B40D34900C258F3 /* batsu.png in Resources */,
				237096001B3E79FB00C258F3 /* post.png in Resources */,
				237095FE1B3E753300C258F3 /* reload.png in Resources */,
				23E5C8C41B3E3E8C006EFC37 /* gear.png in Resources */,
				23E5C8C11B3E3E82006EFC37 /* note.jpg in Resources */,
				23E5C8901B3E3C1A006EFC37 /* Main.storyboard in Resources */,
				237096061B40D35600C258F3 /* postTweet.png in Resources */,
				23E5C8C81B3E402F006EFC37 /* icon.png in Resources */,
				23E5C8951B3E3C1A006EFC37 /* LaunchScreen.xib in Resources */,
				23E5C8921B3E3C1A006EFC37 /* Images.xcassets in Resources */,
				23E5C8C21B3E3E82006EFC37 /* star.png in Resources */,
			);
			runOnlyForDeploymentPostprocessing = 0;
		};
		23E5C8981B3E3C1A006EFC37 /* Resources */ = {
			isa = PBXResourcesBuildPhase;
			buildActionMask = 2147483647;
			files = (
			);
			runOnlyForDeploymentPostprocessing = 0;
		};
/* End PBXResourcesBuildPhase section */

/* Begin PBXShellScriptBuildPhase section */
		23E5C8AA1B3E3C4A006EFC37 /* ShellScript */ = {
			isa = PBXShellScriptBuildPhase;
			buildActionMask = 2147483647;
			files = (
			);
			inputPaths = (
			);
			outputPaths = (
			);
			runOnlyForDeploymentPostprocessing = 0;
			shellPath = /bin/sh;
			shellScript = "./Fabric.framework/run 2ad5e148c3f6c8de43f4fb92f19c2af3849d07ef d0c9efacfec659e0968394ef0a03c5ebb537ffe48833df7edfd57a4cec5c2c7a";
		};
/* End PBXShellScriptBuildPhase section */

/* Begin PBXSourcesBuildPhase section */
		23E5C8811B3E3C1A006EFC37 /* Sources */ = {
			isa = PBXSourcesBuildPhase;
			buildActionMask = 2147483647;
			files = (
				23E5C88D1B3E3C1A006EFC37 /* BaseTweetViewController.swift in Sources */,
				23E5C8B81B3E3CCD006EFC37 /* TimelineViewController.swift in Sources */,
				23E5C8BE1B3E3D04006EFC37 /* TwitterAPI.swift in Sources */,
				23E5C8B61B3E3CB8006EFC37 /* FavoriteViewController.swift in Sources */,
				23E5C8BA1B3E3CE0006EFC37 /* LoginViewController.swift in Sources */,
				23E5C88B1B3E3C1A006EFC37 /* AppDelegate.swift in Sources */,
				237096021B3E870400C258F3 /* PostTweetViewController.swift in Sources */,
				23E5C8BC1B3E3CF3006EFC37 /* MainTabViewController.swift in Sources */,
			);
			runOnlyForDeploymentPostprocessing = 0;
		};
		23E5C8961B3E3C1A006EFC37 /* Sources */ = {
			isa = PBXSourcesBuildPhase;
			buildActionMask = 2147483647;
			files = (
				23E5C8A11B3E3C1A006EFC37 /* lit_twitter_finalTests.swift in Sources */,
			);
			runOnlyForDeploymentPostprocessing = 0;
		};
/* End PBXSourcesBuildPhase section */

/* Begin PBXTargetDependency section */
		23E5C89C1B3E3C1A006EFC37 /* PBXTargetDependency */ = {
			isa = PBXTargetDependency;
			target = 23E5C8841B3E3C1A006EFC37 /* lit_twitter_final */;
			targetProxy = 23E5C89B1B3E3C1A006EFC37 /* PBXContainerItemProxy */;
		};
/* End PBXTargetDependency section */

/* Begin PBXVariantGroup section */
		23E5C88E1B3E3C1A006EFC37 /* Main.storyboard */ = {
			isa = PBXVariantGroup;
			children = (
				23E5C88F1B3E3C1A006EFC37 /* Base */,
			);
			name = Main.storyboard;
			sourceTree = "<group>";
		};
		23E5C8931B3E3C1A006EFC37 /* LaunchScreen.xib */ = {
			isa = PBXVariantGroup;
			children = (
				23E5C8941B3E3C1A006EFC37 /* Base */,
			);
			name = LaunchScreen.xib;
			sourceTree = "<group>";
		};
/* End PBXVariantGroup section */

/* Begin XCBuildConfiguration section */
		23E5C8A21B3E3C1A006EFC37 /* Debug */ = {
			isa = XCBuildConfiguration;
			buildSettings = {
				ALWAYS_SEARCH_USER_PATHS = NO;
				CLANG_CXX_LANGUAGE_STANDARD = "gnu++0x";
				CLANG_CXX_LIBRARY = "libc++";
				CLANG_ENABLE_MODULES = YES;
				CLANG_ENABLE_OBJC_ARC = YES;
				CLANG_WARN_BOOL_CONVERSION = YES;
				CLANG_WARN_CONSTANT_CONVERSION = YES;
				CLANG_WARN_DIRECT_OBJC_ISA_USAGE = YES_ERROR;
				CLANG_WARN_EMPTY_BODY = YES;
				CLANG_WARN_ENUM_CONVERSION = YES;
				CLANG_WARN_INT_CONVERSION = YES;
				CLANG_WARN_OBJC_ROOT_CLASS = YES_ERROR;
				CLANG_WARN_UNREACHABLE_CODE = YES;
				CLANG_WARN__DUPLICATE_METHOD_MATCH = YES;
				"CODE_SIGN_IDENTITY[sdk=iphoneos*]" = "iPhone Developer";
				COPY_PHASE_STRIP = NO;
				DEBUG_INFORMATION_FORMAT = "dwarf-with-dsym";
				ENABLE_STRICT_OBJC_MSGSEND = YES;
				GCC_C_LANGUAGE_STANDARD = gnu99;
				GCC_DYNAMIC_NO_PIC = NO;
				GCC_NO_COMMON_BLOCKS = YES;
				GCC_OPTIMIZATION_LEVEL = 0;
				GCC_PREPROCESSOR_DEFINITIONS = (
					"DEBUG=1",
					"$(inherited)",
				);
				GCC_SYMBOLS_PRIVATE_EXTERN = NO;
				GCC_WARN_64_TO_32_BIT_CONVERSION = YES;
				GCC_WARN_ABOUT_RETURN_TYPE = YES_ERROR;
				GCC_WARN_UNDECLARED_SELECTOR = YES;
				GCC_WARN_UNINITIALIZED_AUTOS = YES_AGGRESSIVE;
				GCC_WARN_UNUSED_FUNCTION = YES;
				GCC_WARN_UNUSED_VARIABLE = YES;
				IPHONEOS_DEPLOYMENT_TARGET = 8.3;
				MTL_ENABLE_DEBUG_INFO = YES;
				ONLY_ACTIVE_ARCH = YES;
				SDKROOT = iphoneos;
				SWIFT_OPTIMIZATION_LEVEL = "-Onone";
			};
			name = Debug;
		};
		23E5C8A31B3E3C1A006EFC37 /* Release */ = {
			isa = XCBuildConfiguration;
			buildSettings = {
				ALWAYS_SEARCH_USER_PATHS = NO;
				CLANG_CXX_LANGUAGE_STANDARD = "gnu++0x";
				CLANG_CXX_LIBRARY = "libc++";
				CLANG_ENABLE_MODULES = YES;
				CLANG_ENABLE_OBJC_ARC = YES;
				CLANG_WARN_BOOL_CONVERSION = YES;
				CLANG_WARN_CONSTANT_CONVERSION = YES;
				CLANG_WARN_DIRECT_OBJC_ISA_USAGE = YES_ERROR;
				CLANG_WARN_EMPTY_BODY = YES;
				CLANG_WARN_ENUM_CONVERSION = YES;
				CLANG_WARN_INT_CONVERSION = YES;
				CLANG_WARN_OBJC_ROOT_CLASS = YES_ERROR;
				CLANG_WARN_UNREACHABLE_CODE = YES;
				CLANG_WARN__DUPLICATE_METHOD_MATCH = YES;
				"CODE_SIGN_IDENTITY[sdk=iphoneos*]" = "iPhone Developer";
				COPY_PHASE_STRIP = NO;
				DEBUG_INFORMATION_FORMAT = "dwarf-with-dsym";
				ENABLE_NS_ASSERTIONS = NO;
				ENABLE_STRICT_OBJC_MSGSEND = YES;
				GCC_C_LANGUAGE_STANDARD = gnu99;
				GCC_NO_COMMON_BLOCKS = YES;
				GCC_WARN_64_TO_32_BIT_CONVERSION = YES;
				GCC_WARN_ABOUT_RETURN_TYPE = YES_ERROR;
				GCC_WARN_UNDECLARED_SELECTOR = YES;
				GCC_WARN_UNINITIALIZED_AUTOS = YES_AGGRESSIVE;
				GCC_WARN_UNUSED_FUNCTION = YES;
				GCC_WARN_UNUSED_VARIABLE = YES;
				IPHONEOS_DEPLOYMENT_TARGET = 8.3;
				MTL_ENABLE_DEBUG_INFO = NO;
				SDKROOT = iphoneos;
				VALIDATE_PRODUCT = YES;
			};
			name = Release;
		};
		23E5C8A51B3E3C1A006EFC37 /* Debug */ = {
			isa = XCBuildConfiguration;
			buildSettings = {
				ASSETCATALOG_COMPILER_APPICON_NAME = AppIcon;
				FRAMEWORK_SEARCH_PATHS = (
					"$(inherited)",
					"$(PROJECT_DIR)",
				);
				INFOPLIST_FILE = lit_twitter_final/Info.plist;
				LD_RUNPATH_SEARCH_PATHS = "$(inherited) @executable_path/Frameworks";
				PRODUCT_NAME = "$(TARGET_NAME)";
			};
			name = Debug;
		};
		23E5C8A61B3E3C1A006EFC37 /* Release */ = {
			isa = XCBuildConfiguration;
			buildSettings = {
				ASSETCATALOG_COMPILER_APPICON_NAME = AppIcon;
				FRAMEWORK_SEARCH_PATHS = (
					"$(inherited)",
					"$(PROJECT_DIR)",
				);
				INFOPLIST_FILE = lit_twitter_final/Info.plist;
				LD_RUNPATH_SEARCH_PATHS = "$(inherited) @executable_path/Frameworks";
				PRODUCT_NAME = "$(TARGET_NAME)";
			};
			name = Release;
		};
		23E5C8A81B3E3C1A006EFC37 /* Debug */ = {
			isa = XCBuildConfiguration;
			buildSettings = {
				BUNDLE_LOADER = "$(TEST_HOST)";
				FRAMEWORK_SEARCH_PATHS = (
					"$(SDKROOT)/Developer/Library/Frameworks",
					"$(inherited)",
				);
				GCC_PREPROCESSOR_DEFINITIONS = (
					"DEBUG=1",
					"$(inherited)",
				);
				INFOPLIST_FILE = lit_twitter_finalTests/Info.plist;
				LD_RUNPATH_SEARCH_PATHS = "$(inherited) @executable_path/Frameworks @loader_path/Frameworks";
				PRODUCT_NAME = "$(TARGET_NAME)";
				TEST_HOST = "$(BUILT_PRODUCTS_DIR)/lit_twitter_final.app/lit_twitter_final";
			};
			name = Debug;
		};
		23E5C8A91B3E3C1A006EFC37 /* Release */ = {
			isa = XCBuildConfiguration;
			buildSettings = {
				BUNDLE_LOADER = "$(TEST_HOST)";
				FRAMEWORK_SEARCH_PATHS = (
					"$(SDKROOT)/Developer/Library/Frameworks",
					"$(inherited)",
				);
				INFOPLIST_FILE = lit_twitter_finalTests/Info.plist;
				LD_RUNPATH_SEARCH_PATHS = "$(inherited) @executable_path/Frameworks @loader_path/Frameworks";
				PRODUCT_NAME = "$(TARGET_NAME)";
				TEST_HOST = "$(BUILT_PRODUCTS_DIR)/lit_twitter_final.app/lit_twitter_final";
			};
			name = Release;
		};
/* End XCBuildConfiguration section */

/* Begin XCConfigurationList section */
		23E5C8801B3E3C1A006EFC37 /* Build configuration list for PBXProject "lit_twitter_final" */ = {
			isa = XCConfigurationList;
			buildConfigurations = (
				23E5C8A21B3E3C1A006EFC37 /* Debug */,
				23E5C8A31B3E3C1A006EFC37 /* Release */,
			);
			defaultConfigurationIsVisible = 0;
			defaultConfigurationName = Release;
		};
		23E5C8A41B3E3C1A006EFC37 /* Build configuration list for PBXNativeTarget "lit_twitter_final" */ = {
			isa = XCConfigurationList;
			buildConfigurations = (
				23E5C8A51B3E3C1A006EFC37 /* Debug */,
				23E5C8A61B3E3C1A006EFC37 /* Release */,
			);
			defaultConfigurationIsVisible = 0;
			defaultConfigurationName = Release;
		};
		23E5C8A71B3E3C1A006EFC37 /* Build configuration list for PBXNativeTarget "lit_twitter_finalTests" */ = {
			isa = XCConfigurationList;
			buildConfigurations = (
				23E5C8A81B3E3C1A006EFC37 /* Debug */,
				23E5C8A91B3E3C1A006EFC37 /* Release */,
			);
			defaultConfigurationIsVisible = 0;
			defaultConfigurationName = Release;
		};
/* End XCConfigurationList section */
	};
	rootObject = 23E5C87D1B3E3C1A006EFC37 /* Project object */;
}
